
Microsoft Visual Studio Solution File, Format Version 12.00
# Visual Studio Version 17
VisualStudioVersion = 17.4.33110.190
MinimumVisualStudioVersion = 10.0.40219.1
Project("{FAE04EC0-301F-11D3-BF4B-00C04F79EFBC}") = "Intensivao.Fulltack.ConsoleApp", "Intensivao.Fulltack.ConsoleApp\Intensivao.Fulltack.ConsoleApp.csproj", "{E7CAB072-F27B-42E9-A6C9-261AE430F4DA}"
EndProject
Global
	GlobalSection(SolutionConfigurationPlatforms) = preSolution
		Debug|Any CPU = Debug|Any CPU
		Release|Any CPU = Release|Any CPU
	EndGlobalSection
	GlobalSection(ProjectConfigurationPlatforms) = postSolution
		{E7CAB072-F27B-42E9-A6C9-261AE430F4DA}.Debug|Any CPU.ActiveCfg = Debug|Any CPU
		{E7CAB072-F27B-42E9-A6C9-261AE430F4DA}.Debug|Any CPU.Build.0 = Debug|Any CPU
		{E7CAB072-F27B-42E9-A6C9-261AE430F4DA}.Release|Any CPU.ActiveCfg = Release|Any CPU
		{E7CAB072-F27B-42E9-A6C9-261AE430F4DA}.Release|Any CPU.Build.0 = Release|Any CPU
	EndGlobalSection
	GlobalSection(SolutionProperties) = preSolution
		HideSolutionNode = FALSE
	EndGlobalSection
	GlobalSection(ExtensibilityGlobals) = postSolution
		SolutionGuid = {A9E949BC-16D1-4C63-AA3D-D93CCBCC5634}
	EndGlobalSection
EndGlobal
